# This file is automatically @generated by Cargo.
# It is not intended for manual editing.
version = 3

[[package]]
name = "raftbare"
version = "0.1.1"
source = "registry+https://github.com/rust-lang/crates.io-index"
checksum = "521ebfab7fe9ba8789839797173869e9c649d70853845b94d9123249fc073ad7"

[[package]]
name = "raftpico"
version = "0.1.0"
dependencies = [
 "raftbare",
]
